{
  "name": "hx-connector",
  "version": "1.0.0",
  "lockfileVersion": 1,
  "requires": true,
  "dependencies": {
    "MD5": {
      "version": "1.3.0",
      "resolved": "https://registry.npmjs.org/MD5/-/MD5-1.3.0.tgz",
      "integrity": "sha512-kDyDOgf7CECKouVCQ8tcbASPTyLMxrHxlvKBTBaXbF4eff5VYdfy4GCkCIIbAice4JGxBK+ExRD/4LdxDNXvLg==",
      "requires": {
        "charenc": ">= 0.0.1",
        "crypt": ">= 0.0.1"
      }
    },
    "async": {
      "version": "3.2.2",
      "resolved": "https://registry.npmjs.org/async/-/async-3.2.2.tgz",
      "integrity": "sha512-H0E+qZaDEfx/FY4t7iLRv1W2fFI6+pyCeTw1uN20AQPiwqwM6ojPxHxdLv4z8hi2DtnW9BOckSspLucW7pIE5g=="
    },
    "charenc": {
      "version": "0.0.2",
      "resolved": "https://registry.npmjs.org/charenc/-/charenc-0.0.2.tgz",
      "integrity": "sha512-yrLQ/yVUFXkzg7EDQsPieE/53+0RlaWTs+wBrvW36cyilJ2SaDWfl4Yj7MtLTXleV9uEKefbAGUPv2/iWSooRA=="
    },
    "colors": {
      "version": "0.6.2",
      "resolved": "https://registry.npmjs.org/colors/-/colors-0.6.2.tgz",
      "integrity": "sha512-OsSVtHK8Ir8r3+Fxw/b4jS1ZLPXkV6ZxDRJQzeD7qo0SqMXWrHDM71DgYzPMHY8SFJ0Ao+nNU2p1MmwdzKqPrw=="
    },
    "crypt": {
      "version": "0.0.2",
      "resolved": "https://registry.npmjs.org/crypt/-/crypt-0.0.2.tgz",
      "integrity": "sha512-mCxBlsHFYh9C+HVpiEacem8FEBnMXgU9gy4zmNC+SXAZNB/1idgp/aulFJ4FgCi7GPEVbfyng092GqL2k2rmow=="
    },
    "curry": {
      "version": "0.0.4",
      "resolved": "https://registry.npmjs.org/curry/-/curry-0.0.4.tgz",
      "integrity": "sha512-IPapCjuLQfb9u7HEU+l7XX10CmK5ojdvjt+0sNrZmSvSU31OZxPV78cmDj1Zm+ZX/tEh7jeYdaD4v89iJDOD0g=="
    },
    "duplex-child-process": {
      "version": "0.0.5",
      "resolved": "https://registry.npmjs.org/duplex-child-process/-/duplex-child-process-0.0.5.tgz",
      "integrity": "sha1-HCRiuOyP0B5DKDbrvVkrzf+7Zek="
    },
    "lodash": {
      "version": "4.17.21",
      "resolved": "https://registry.npmjs.org/lodash/-/lodash-4.17.21.tgz",
      "integrity": "sha512-v2kDEe57lecTulaDIuNTPy3Ry4gLGJ6Z1O3vE1krgXZNrsQ+LFTGHVxVjcXPs17LhbZVGedAJv8XZ1tvj5FvSg=="
    },
    "osascript": {
      "version": "1.2.0",
      "resolved": "https://registry.npmjs.org/osascript/-/osascript-1.2.0.tgz",
      "integrity": "sha1-3oLikvCJHdCFisVSjlrHcgYcKkc=",
      "requires": {
        "duplex-child-process": "0.0.5"
      }
    },
    "qtools": {
      "version": "git+ssh://git@github.com/tqwhite/qtoolsLegacyDeprecated.git#2cb166e5b9673e634942d71afbcbe0f579984243",
      "from": "qtools@github:tqwhite/qtoolsLegacyDeprecated",
      "requires": {
        "MD5": "^1.3.0",
        "colors": "^0.6.2",
        "curry": "^0.0.4",
        "lodash": "^4.17.21",
        "qtools-functional-library": "^1.1.4",
        "qtools-parse-command-line": "^1.0.5",
        "render": "^0.1.4",
        "uuid": "^3.4.0"
      }
    },
    "qtools-asynchronous-pipe-plus": {
      "version": "1.0.1",
      "resolved": "https://registry.npmjs.org/qtools-asynchronous-pipe-plus/-/qtools-asynchronous-pipe-plus-1.0.1.tgz",
      "integrity": "sha512-eELsDrzpyKbAgYpY76ET7BK3hsfd5tF98sKoabItKS12PVSs2rGTfp5iavrmzGJedcueFPbvrpKr3aORKA6Deg=="
    },
    "qtools-functional-library": {
      "version": "1.1.4",
      "resolved": "https://registry.npmjs.org/qtools-functional-library/-/qtools-functional-library-1.1.4.tgz",
      "integrity": "sha512-Go/jyy1TYhWZFQiAYQhaZf7N5bvqpzSZgRCHWetCR3SKqeBMcocypDkMKifPj6Okn43vY+VNgR513CGhME/TSA=="
    },
    "qtools-parse-command-line": {
      "version": "1.0.5",
      "resolved": "https://registry.npmjs.org/qtools-parse-command-line/-/qtools-parse-command-line-1.0.5.tgz",
      "integrity": "sha512-06TkTSQEZYMI3kGvAmFlBSR/B032R9rkH0reNhJ1woBfc4VSj8fW7L6LhzhrlmQPDrPuuNBePIGTXcnQAFjAlQ=="
    },
    "render": {
      "version": "0.1.4",
      "resolved": "https://registry.npmjs.org/render/-/render-0.1.4.tgz",
      "integrity": "sha512-mTNCTWXyulJhMFcsCZGwMjE3GjH40eE4r23Or7Sw4XnEBHO8gS5ZBHgxDGjFF1v0pe9GXx+c+8njbpry+11e3A==",
      "requires": {
        "traverser": "0.0.x"
      }
    },
    "traverser": {
      "version": "0.0.5",
      "resolved": "https://registry.npmjs.org/traverser/-/traverser-0.0.5.tgz",
      "integrity": "sha512-8wq1H/gNr1PwGhmflklBTvZlY3aOgUmurSYD8PueKn1Btq01REtupQ8nY7VpcG4v2YPKBODxYKIdTt36W+Scwg==",
      "requires": {
        "curry": "0.0.x"
      }
    },
    "uuid": {
      "version": "3.4.0",
      "resolved": "https://registry.npmjs.org/uuid/-/uuid-3.4.0.tgz",
      "integrity": "sha512-HjSDRw6gZE5JMggctHBcjVak08+KEVhSIiDzFnT9S9aegmp85S/bReBVTb4QTFaRNptJ9kuYaNhnbNEOkbKb/A=="
    }
  }
}
