{
  "name": "hx-connector",
  "version": "1.0.0",
  "lockfileVersion": 1,
  "requires": true,
  "dependencies": {
    "qtools-functional-library": {
      "version": "1.1.4",
      "resolved": "https://registry.npmjs.org/qtools-functional-library/-/qtools-functional-library-1.1.4.tgz",
      "integrity": "sha512-Go/jyy1TYhWZFQiAYQhaZf7N5bvqpzSZgRCHWetCR3SKqeBMcocypDkMKifPj6Okn43vY+VNgR513CGhME/TSA=="
    },
    "qtools-parse-command-line": {
      "version": "1.0.5",
      "resolved": "https://registry.npmjs.org/qtools-parse-command-line/-/qtools-parse-command-line-1.0.5.tgz",
      "integrity": "sha512-06TkTSQEZYMI3kGvAmFlBSR/B032R9rkH0reNhJ1woBfc4VSj8fW7L6LhzhrlmQPDrPuuNBePIGTXcnQAFjAlQ=="
    }
  }
}
