{
  "name": "hxgetgeneratedendpoint_lib",
  "version": "1.0.0",
  "lockfileVersion": 2,
  "requires": true,
  "packages": {
    "": {
      "name": "hxgetgeneratedendpoint_lib",
      "version": "1.0.0",
      "license": "ISC",
      "dependencies": {
        "qtools-asynchronous-pipe-plus": "^1.0.2",
        "qtools-functional-library": "^1.1.10",
        "qtools-parse-command-line": "^1.0.5"
      }
    },
    "node_modules/qtools-asynchronous-pipe-plus": {
      "version": "1.0.2",
      "resolved": "https://registry.npmjs.org/qtools-asynchronous-pipe-plus/-/qtools-asynchronous-pipe-plus-1.0.2.tgz",
      "integrity": "sha512-azJzkgKWYs/rP1xV3m30E7FJJeKSfRf5iy0KqNbyrNMo4cBU42p0yZCRJn7VW5Nh2VmvP6iFAPoS91JognHIMA=="
    },
    "node_modules/qtools-functional-library": {
      "version": "1.1.10",
      "resolved": "https://registry.npmjs.org/qtools-functional-library/-/qtools-functional-library-1.1.10.tgz",
      "integrity": "sha512-YJnn6oq2jAqYXI9VUyJROtGxRdBXABzvj8TLXY4uPjvRHwQCSwxsY5HoYliAnoEqjFgOO41h6AbZQz+jINjPww=="
    },
    "node_modules/qtools-parse-command-line": {
      "version": "1.0.5",
      "resolved": "https://registry.npmjs.org/qtools-parse-command-line/-/qtools-parse-command-line-1.0.5.tgz",
      "integrity": "sha512-06TkTSQEZYMI3kGvAmFlBSR/B032R9rkH0reNhJ1woBfc4VSj8fW7L6LhzhrlmQPDrPuuNBePIGTXcnQAFjAlQ=="
    }
  },
  "dependencies": {
    "qtools-asynchronous-pipe-plus": {
      "version": "1.0.2",
      "resolved": "https://registry.npmjs.org/qtools-asynchronous-pipe-plus/-/qtools-asynchronous-pipe-plus-1.0.2.tgz",
      "integrity": "sha512-azJzkgKWYs/rP1xV3m30E7FJJeKSfRf5iy0KqNbyrNMo4cBU42p0yZCRJn7VW5Nh2VmvP6iFAPoS91JognHIMA=="
    },
    "qtools-functional-library": {
      "version": "1.1.10",
      "resolved": "https://registry.npmjs.org/qtools-functional-library/-/qtools-functional-library-1.1.10.tgz",
      "integrity": "sha512-YJnn6oq2jAqYXI9VUyJROtGxRdBXABzvj8TLXY4uPjvRHwQCSwxsY5HoYliAnoEqjFgOO41h6AbZQz+jINjPww=="
    },
    "qtools-parse-command-line": {
      "version": "1.0.5",
      "resolved": "https://registry.npmjs.org/qtools-parse-command-line/-/qtools-parse-command-line-1.0.5.tgz",
      "integrity": "sha512-06TkTSQEZYMI3kGvAmFlBSR/B032R9rkH0reNhJ1woBfc4VSj8fW7L6LhzhrlmQPDrPuuNBePIGTXcnQAFjAlQ=="
    }
  }
}
